
Microsoft Visual Studio Solution File, Format Version 12.00
# Visual Studio 15
VisualStudioVersion = 15.0.27130.2020
MinimumVisualStudioVersion = 10.0.40219.1
Project("{FAE04EC0-301F-11D3-BF4B-00C04F79EFBC}") = "WindowsFormsApplication4", "WindowsFormsApplication4\WindowsFormsApplication4.csproj", "{53C53D32-4F2A-4D37-94C9-B43F0C729DF0}"
EndProject
Project("{FAE04EC0-301F-11D3-BF4B-00C04F79EFBC}") = "ClassLibrary2", "ClassLibrary2\ClassLibrary2\ClassLibrary2.csproj", "{A02D1D3A-D98A-4945-9336-E89FF97BDBFC}"
EndProject
Global
	GlobalSection(SolutionConfigurationPlatforms) = preSolution
		Debug|Any CPU = Debug|Any CPU
		Release|Any CPU = Release|Any CPU
	EndGlobalSection
	GlobalSection(ProjectConfigurationPlatforms) = postSolution
		{53C53D32-4F2A-4D37-94C9-B43F0C729DF0}.Debug|Any CPU.ActiveCfg = Debug|Any CPU
		{53C53D32-4F2A-4D37-94C9-B43F0C729DF0}.Debug|Any CPU.Build.0 = Debug|Any CPU
		{53C53D32-4F2A-4D37-94C9-B43F0C729DF0}.Release|Any CPU.ActiveCfg = Release|Any CPU
		{53C53D32-4F2A-4D37-94C9-B43F0C729DF0}.Release|Any CPU.Build.0 = Release|Any CPU
		{A02D1D3A-D98A-4945-9336-E89FF97BDBFC}.Debug|Any CPU.ActiveCfg = Debug|Any CPU
		{A02D1D3A-D98A-4945-9336-E89FF97BDBFC}.Debug|Any CPU.Build.0 = Debug|Any CPU
		{A02D1D3A-D98A-4945-9336-E89FF97BDBFC}.Release|Any CPU.ActiveCfg = Release|Any CPU
		{A02D1D3A-D98A-4945-9336-E89FF97BDBFC}.Release|Any CPU.Build.0 = Release|Any CPU
	EndGlobalSection
	GlobalSection(SolutionProperties) = preSolution
		HideSolutionNode = FALSE
	EndGlobalSection
	GlobalSection(ExtensibilityGlobals) = postSolution
		SolutionGuid = {0A4A7E46-42FB-4CEE-AFBA-A42584EC2044}
	EndGlobalSection
EndGlobal
